// !$*UTF8*$!
{
	archiveVersion = 1;
	classes = {
	};
	objectVersion = 56;
	objects = {

/* Begin PBXBuildFile section */
		35055BC628992E930044AA4F /* BeachDataController.swift in Sources */ = {isa = PBXBuildFile; fileRef = 35055BC528992E930044AA4F /* BeachDataController.swift */; };
		352182AB2897B9B600464178 /* AppDelegate.swift in Sources */ = {isa = PBXBuildFile; fileRef = 352182AA2897B9B600464178 /* AppDelegate.swift */; };
		352182AD2897B9B600464178 /* SceneDelegate.swift in Sources */ = {isa = PBXBuildFile; fileRef = 352182AC2897B9B600464178 /* SceneDelegate.swift */; };
		352182AF2897B9B600464178 /* CitiesController.swift in Sources */ = {isa = PBXBuildFile; fileRef = 352182AE2897B9B600464178 /* CitiesController.swift */; };
		352182B22897B9B600464178 /* Main.storyboard in Resources */ = {isa = PBXBuildFile; fileRef = 352182B02897B9B600464178 /* Main.storyboard */; };
		352182B42897B9B700464178 /* Assets.xcassets in Resources */ = {isa = PBXBuildFile; fileRef = 352182B32897B9B700464178 /* Assets.xcassets */; };
		352182B72897B9B700464178 /* LaunchScreen.storyboard in Resources */ = {isa = PBXBuildFile; fileRef = 352182B52897B9B700464178 /* LaunchScreen.storyboard */; };
		352182C12897BD8500464178 /* LabelTableViewCell.swift in Sources */ = {isa = PBXBuildFile; fileRef = 352182BF2897BD8500464178 /* LabelTableViewCell.swift */; };
		352182C22897BD8500464178 /* LabelTableViewCell.xib in Resources */ = {isa = PBXBuildFile; fileRef = 352182C02897BD8500464178 /* LabelTableViewCell.xib */; };
		358408A12897C0CB0018F41D /* database.json in Resources */ = {isa = PBXBuildFile; fileRef = 358408A02897C0CB0018F41D /* database.json */; };
		358408A32897C9160018F41D /* BeachController.swift in Sources */ = {isa = PBXBuildFile; fileRef = 358408A22897C9160018F41D /* BeachController.swift */; };
		358408A52897CEB50018F41D /* BeachCell.swift in Sources */ = {isa = PBXBuildFile; fileRef = 358408A42897CEB50018F41D /* BeachCell.swift */; };
		358AE3C4289930F60040F747 /* BeachDataCell.swift in Sources */ = {isa = PBXBuildFile; fileRef = 358AE3C2289930F60040F747 /* BeachDataCell.swift */; };
		358AE3C5289930F60040F747 /* BeachDataCell.xib in Resources */ = {isa = PBXBuildFile; fileRef = 358AE3C3289930F60040F747 /* BeachDataCell.xib */; };
		35C7B51F2897BF3B00EDD2B2 /* Models.swift in Sources */ = {isa = PBXBuildFile; fileRef = 35C7B51E2897BF3B00EDD2B2 /* Models.swift */; };
/* End PBXBuildFile section */

/* Begin PBXFileReference section */
		35055BC528992E930044AA4F /* BeachDataController.swift */ = {isa = PBXFileReference; lastKnownFileType = sourcecode.swift; path = BeachDataController.swift; sourceTree = "<group>"; };
		352182A72897B9B600464178 /* Smart Buoy.app */ = {isa = PBXFileReference; explicitFileType = wrapper.application; includeInIndex = 0; path = "Smart Buoy.app"; sourceTree = BUILT_PRODUCTS_DIR; };
		352182AA2897B9B600464178 /* AppDelegate.swift */ = {isa = PBXFileReference; lastKnownFileType = sourcecode.swift; path = AppDelegate.swift; sourceTree = "<group>"; };
		352182AC2897B9B600464178 /* SceneDelegate.swift */ = {isa = PBXFileReference; lastKnownFileType = sourcecode.swift; path = SceneDelegate.swift; sourceTree = "<group>"; };
		352182AE2897B9B600464178 /* CitiesController.swift */ = {isa = PBXFileReference; lastKnownFileType = sourcecode.swift; path = CitiesController.swift; sourceTree = "<group>"; };
		352182B12897B9B600464178 /* Base */ = {isa = PBXFileReference; lastKnownFileType = file.storyboard; name = Base; path = Base.lproj/Main.storyboard; sourceTree = "<group>"; };
		352182B32897B9B700464178 /* Assets.xcassets */ = {isa = PBXFileReference; lastKnownFileType = folder.assetcatalog; path = Assets.xcassets; sourceTree = "<group>"; };
		352182B62897B9B700464178 /* Base */ = {isa = PBXFileReference; lastKnownFileType = file.storyboard; name = Base; path = Base.lproj/LaunchScreen.storyboard; sourceTree = "<group>"; };
		352182B82897B9B700464178 /* Info.plist */ = {isa = PBXFileReference; lastKnownFileType = text.plist.xml; path = Info.plist; sourceTree = "<group>"; };
		352182BF2897BD8500464178 /* LabelTableViewCell.swift */ = {isa = PBXFileReference; lastKnownFileType = sourcecode.swift; path = LabelTableViewCell.swift; sourceTree = "<group>"; };
		352182C02897BD8500464178 /* LabelTableViewCell.xib */ = {isa = PBXFileReference; lastKnownFileType = file.xib; path = LabelTableViewCell.xib; sourceTree = "<group>"; };
		358408A02897C0CB0018F41D /* database.json */ = {isa = PBXFileReference; lastKnownFileType = text.json; path = database.json; sourceTree = "<group>"; };
		358408A22897C9160018F41D /* BeachController.swift */ = {isa = PBXFileReference; lastKnownFileType = sourcecode.swift; path = BeachController.swift; sourceTree = "<group>"; };
		358408A42897CEB50018F41D /* BeachCell.swift */ = {isa = PBXFileReference; lastKnownFileType = sourcecode.swift; path = BeachCell.swift; sourceTree = "<group>"; };
		358AE3C2289930F60040F747 /* BeachDataCell.swift */ = {isa = PBXFileReference; lastKnownFileType = sourcecode.swift; path = BeachDataCell.swift; sourceTree = "<group>"; };
		358AE3C3289930F60040F747 /* BeachDataCell.xib */ = {isa = PBXFileReference; lastKnownFileType = file.xib; path = BeachDataCell.xib; sourceTree = "<group>"; };
		35C7B51E2897BF3B00EDD2B2 /* Models.swift */ = {isa = PBXFileReference; lastKnownFileType = sourcecode.swift; path = Models.swift; sourceTree = "<group>"; };
/* End PBXFileReference section */

/* Begin PBXFrameworksBuildPhase section */
		352182A42897B9B600464178 /* Frameworks */ = {
			isa = PBXFrameworksBuildPhase;
			buildActionMask = 2147483647;
			files = (
			);
			runOnlyForDeploymentPostprocessing = 0;
		};
/* End PBXFrameworksBuildPhase section */

/* Begin PBXGroup section */
		3521829E2897B9B600464178 = {
			isa = PBXGroup;
			children = (
				352182A92897B9B600464178 /* Smart Buoy */,
				352182A82897B9B600464178 /* Products */,
			);
			sourceTree = "<group>";
		};
		352182A82897B9B600464178 /* Products */ = {
			isa = PBXGroup;
			children = (
				352182A72897B9B600464178 /* Smart Buoy.app */,
			);
			name = Products;
			sourceTree = "<group>";
		};
		352182A92897B9B600464178 /* Smart Buoy */ = {
			isa = PBXGroup;
			children = (
				352182AA2897B9B600464178 /* AppDelegate.swift */,
				352182AC2897B9B600464178 /* SceneDelegate.swift */,
				35C7B51E2897BF3B00EDD2B2 /* Models.swift */,
				358408A02897C0CB0018F41D /* database.json */,
				352182BE2897BD5100464178 /* Controllers */,
				352182C32897BD8F00464178 /* Cells */,
				352182B02897B9B600464178 /* Main.storyboard */,
				352182B32897B9B700464178 /* Assets.xcassets */,
				352182B52897B9B700464178 /* LaunchScreen.storyboard */,
				352182B82897B9B700464178 /* Info.plist */,
			);
			path = "Smart Buoy";
			sourceTree = "<group>";
		};
		352182BE2897BD5100464178 /* Controllers */ = {
			isa = PBXGroup;
			children = (
				352182AE2897B9B600464178 /* CitiesController.swift */,
				358408A22897C9160018F41D /* BeachController.swift */,
				35055BC528992E930044AA4F /* BeachDataController.swift */,
			);
			path = Controllers;
			sourceTree = "<group>";
		};
		352182C32897BD8F00464178 /* Cells */ = {
			isa = PBXGroup;
			children = (
				352182BF2897BD8500464178 /* LabelTableViewCell.swift */,
				352182C02897BD8500464178 /* LabelTableViewCell.xib */,
				358408A42897CEB50018F41D /* BeachCell.swift */,
				358AE3C2289930F60040F747 /* BeachDataCell.swift */,
				358AE3C3289930F60040F747 /* BeachDataCell.xib */,
			);
			path = Cells;
			sourceTree = "<group>";
		};
/* End PBXGroup section */

/* Begin PBXNativeTarget section */
		352182A62897B9B600464178 /* Smart Buoy */ = {
			isa = PBXNativeTarget;
			buildConfigurationList = 352182BB2897B9B700464178 /* Build configuration list for PBXNativeTarget "Smart Buoy" */;
			buildPhases = (
				352182A32897B9B600464178 /* Sources */,
				352182A42897B9B600464178 /* Frameworks */,
				352182A52897B9B600464178 /* Resources */,
			);
			buildRules = (
			);
			dependencies = (
			);
			name = "Smart Buoy";
			productName = "Smart Buoy";
			productReference = 352182A72897B9B600464178 /* Smart Buoy.app */;
			productType = "com.apple.product-type.application";
		};
/* End PBXNativeTarget section */

/* Begin PBXProject section */
		3521829F2897B9B600464178 /* Project object */ = {
			isa = PBXProject;
			attributes = {
				BuildIndependentTargetsInParallel = 1;
				LastSwiftUpdateCheck = 1400;
				LastUpgradeCheck = 1400;
				TargetAttributes = {
					352182A62897B9B600464178 = {
						CreatedOnToolsVersion = 14.0;
					};
				};
			};
			buildConfigurationList = 352182A22897B9B600464178 /* Build configuration list for PBXProject "Smart Buoy" */;
			compatibilityVersion = "Xcode 14.0";
			developmentRegion = en;
			hasScannedForEncodings = 0;
			knownRegions = (
				en,
				Base,
			);
			mainGroup = 3521829E2897B9B600464178;
			productRefGroup = 352182A82897B9B600464178 /* Products */;
			projectDirPath = "";
			projectRoot = "";
			targets = (
				352182A62897B9B600464178 /* Smart Buoy */,
			);
		};
/* End PBXProject section */

/* Begin PBXResourcesBuildPhase section */
		352182A52897B9B600464178 /* Resources */ = {
			isa = PBXResourcesBuildPhase;
			buildActionMask = 2147483647;
			files = (
				358408A12897C0CB0018F41D /* database.json in Resources */,
				352182B72897B9B700464178 /* LaunchScreen.storyboard in Resources */,
				352182B42897B9B700464178 /* Assets.xcassets in Resources */,
				358AE3C5289930F60040F747 /* BeachDataCell.xib in Resources */,
				352182C22897BD8500464178 /* LabelTableViewCell.xib in Resources */,
				352182B22897B9B600464178 /* Main.storyboard in Resources */,
			);
			runOnlyForDeploymentPostprocessing = 0;
		};
/* End PBXResourcesBuildPhase section */

/* Begin PBXSourcesBuildPhase section */
		352182A32897B9B600464178 /* Sources */ = {
			isa = PBXSourcesBuildPhase;
			buildActionMask = 2147483647;
			files = (
				352182AF2897B9B600464178 /* CitiesController.swift in Sources */,
				352182AB2897B9B600464178 /* AppDelegate.swift in Sources */,
				352182C12897BD8500464178 /* LabelTableViewCell.swift in Sources */,
				352182AD2897B9B600464178 /* SceneDelegate.swift in Sources */,
				358408A52897CEB50018F41D /* BeachCell.swift in Sources */,
				35055BC628992E930044AA4F /* BeachDataController.swift in Sources */,
				35C7B51F2897BF3B00EDD2B2 /* Models.swift in Sources */,
				358408A32897C9160018F41D /* BeachController.swift in Sources */,
				358AE3C4289930F60040F747 /* BeachDataCell.swift in Sources */,
			);
			runOnlyForDeploymentPostprocessing = 0;
		};
/* End PBXSourcesBuildPhase section */

/* Begin PBXVariantGroup section */
		352182B02897B9B600464178 /* Main.storyboard */ = {
			isa = PBXVariantGroup;
			children = (
				352182B12897B9B600464178 /* Base */,
			);
			name = Main.storyboard;
			sourceTree = "<group>";
		};
		352182B52897B9B700464178 /* LaunchScreen.storyboard */ = {
			isa = PBXVariantGroup;
			children = (
				352182B62897B9B700464178 /* Base */,
			);
			name = LaunchScreen.storyboard;
			sourceTree = "<group>";
		};
/* End PBXVariantGroup section */

/* Begin XCBuildConfiguration section */
		352182B92897B9B700464178 /* Debug */ = {
			isa = XCBuildConfiguration;
			buildSettings = {
				ALWAYS_SEARCH_USER_PATHS = NO;
				CLANG_ANALYZER_NONNULL = YES;
				CLANG_ANALYZER_NUMBER_OBJECT_CONVERSION = YES_AGGRESSIVE;
				CLANG_CXX_LANGUAGE_STANDARD = "gnu++17";
				CLANG_ENABLE_MODULES = YES;
				CLANG_ENABLE_OBJC_ARC = YES;
				CLANG_ENABLE_OBJC_WEAK = YES;
				CLANG_WARN_BLOCK_CAPTURE_AUTORELEASING = YES;
				CLANG_WARN_BOOL_CONVERSION = YES;
				CLANG_WARN_COMMA = YES;
				CLANG_WARN_CONSTANT_CONVERSION = YES;
				CLANG_WARN_DEPRECATED_OBJC_IMPLEMENTATIONS = YES;
				CLANG_WARN_DIRECT_OBJC_ISA_USAGE = YES_ERROR;
				CLANG_WARN_DOCUMENTATION_COMMENTS = YES;
				CLANG_WARN_EMPTY_BODY = YES;
				CLANG_WARN_ENUM_CONVERSION = YES;
				CLANG_WARN_INFINITE_RECURSION = YES;
				CLANG_WARN_INT_CONVERSION = YES;
				CLANG_WARN_NON_LITERAL_NULL_CONVERSION = YES;
				CLANG_WARN_OBJC_IMPLICIT_RETAIN_SELF = YES;
				CLANG_WARN_OBJC_LITERAL_CONVERSION = YES;
				CLANG_WARN_OBJC_ROOT_CLASS = YES_ERROR;
				CLANG_WARN_QUOTED_INCLUDE_IN_FRAMEWORK_HEADER = YES;
				CLANG_WARN_RANGE_LOOP_ANALYSIS = YES;
				CLANG_WARN_STRICT_PROTOTYPES = YES;
				CLANG_WARN_SUSPICIOUS_MOVE = YES;
				CLANG_WARN_UNGUARDED_AVAILABILITY = YES_AGGRESSIVE;
				CLANG_WARN_UNREACHABLE_CODE = YES;
				CLANG_WARN__DUPLICATE_METHOD_MATCH = YES;
				COPY_PHASE_STRIP = NO;
				DEBUG_INFORMATION_FORMAT = dwarf;
				ENABLE_STRICT_OBJC_MSGSEND = YES;
				ENABLE_TESTABILITY = YES;
				GCC_C_LANGUAGE_STANDARD = gnu11;
				GCC_DYNAMIC_NO_PIC = NO;
				GCC_NO_COMMON_BLOCKS = YES;
				GCC_OPTIMIZATION_LEVEL = 0;
				GCC_PREPROCESSOR_DEFINITIONS = (
					"DEBUG=1",
					"$(inherited)",
				);
				GCC_WARN_64_TO_32_BIT_CONVERSION = YES;
				GCC_WARN_ABOUT_RETURN_TYPE = YES_ERROR;
				GCC_WARN_UNDECLARED_SELECTOR = YES;
				GCC_WARN_UNINITIALIZED_AUTOS = YES_AGGRESSIVE;
				GCC_WARN_UNUSED_FUNCTION = YES;
				GCC_WARN_UNUSED_VARIABLE = YES;
				IPHONEOS_DEPLOYMENT_TARGET = 16.0;
				MTL_ENABLE_DEBUG_INFO = INCLUDE_SOURCE;
				MTL_FAST_MATH = YES;
				ONLY_ACTIVE_ARCH = YES;
				SDKROOT = iphoneos;
				SWIFT_ACTIVE_COMPILATION_CONDITIONS = DEBUG;
				SWIFT_OPTIMIZATION_LEVEL = "-Onone";
			};
			name = Debug;
		};
		352182BA2897B9B700464178 /* Release */ = {
			isa = XCBuildConfiguration;
			buildSettings = {
				ALWAYS_SEARCH_USER_PATHS = NO;
				CLANG_ANALYZER_NONNULL = YES;
				CLANG_ANALYZER_NUMBER_OBJECT_CONVERSION = YES_AGGRESSIVE;
				CLANG_CXX_LANGUAGE_STANDARD = "gnu++17";
				CLANG_ENABLE_MODULES = YES;
				CLANG_ENABLE_OBJC_ARC = YES;
				CLANG_ENABLE_OBJC_WEAK = YES;
				CLANG_WARN_BLOCK_CAPTURE_AUTORELEASING = YES;
				CLANG_WARN_BOOL_CONVERSION = YES;
				CLANG_WARN_COMMA = YES;
				CLANG_WARN_CONSTANT_CONVERSION = YES;
				CLANG_WARN_DEPRECATED_OBJC_IMPLEMENTATIONS = YES;
				CLANG_WARN_DIRECT_OBJC_ISA_USAGE = YES_ERROR;
				CLANG_WARN_DOCUMENTATION_COMMENTS = YES;
				CLANG_WARN_EMPTY_BODY = YES;
				CLANG_WARN_ENUM_CONVERSION = YES;
				CLANG_WARN_INFINITE_RECURSION = YES;
				CLANG_WARN_INT_CONVERSION = YES;
				CLANG_WARN_NON_LITERAL_NULL_CONVERSION = YES;
				CLANG_WARN_OBJC_IMPLICIT_RETAIN_SELF = YES;
				CLANG_WARN_OBJC_LITERAL_CONVERSION = YES;
				CLANG_WARN_OBJC_ROOT_CLASS = YES_ERROR;
				CLANG_WARN_QUOTED_INCLUDE_IN_FRAMEWORK_HEADER = YES;
				CLANG_WARN_RANGE_LOOP_ANALYSIS = YES;
				CLANG_WARN_STRICT_PROTOTYPES = YES;
				CLANG_WARN_SUSPICIOUS_MOVE = YES;
				CLANG_WARN_UNGUARDED_AVAILABILITY = YES_AGGRESSIVE;
				CLANG_WARN_UNREACHABLE_CODE = YES;
				CLANG_WARN__DUPLICATE_METHOD_MATCH = YES;
				COPY_PHASE_STRIP = NO;
				DEBUG_INFORMATION_FORMAT = "dwarf-with-dsym";
				ENABLE_NS_ASSERTIONS = NO;
				ENABLE_STRICT_OBJC_MSGSEND = YES;
				GCC_C_LANGUAGE_STANDARD = gnu11;
				GCC_NO_COMMON_BLOCKS = YES;
				GCC_WARN_64_TO_32_BIT_CONVERSION = YES;
				GCC_WARN_ABOUT_RETURN_TYPE = YES_ERROR;
				GCC_WARN_UNDECLARED_SELECTOR = YES;
				GCC_WARN_UNINITIALIZED_AUTOS = YES_AGGRESSIVE;
				GCC_WARN_UNUSED_FUNCTION = YES;
				GCC_WARN_UNUSED_VARIABLE = YES;
				IPHONEOS_DEPLOYMENT_TARGET = 16.0;
				MTL_ENABLE_DEBUG_INFO = NO;
				MTL_FAST_MATH = YES;
				SDKROOT = iphoneos;
				SWIFT_COMPILATION_MODE = wholemodule;
				SWIFT_OPTIMIZATION_LEVEL = "-O";
				VALIDATE_PRODUCT = YES;
			};
			name = Release;
		};
		352182BC2897B9B700464178 /* Debug */ = {
			isa = XCBuildConfiguration;
			buildSettings = {
				ASSETCATALOG_COMPILER_APPICON_NAME = AppIcon;
				ASSETCATALOG_COMPILER_GLOBAL_ACCENT_COLOR_NAME = AccentColor;
				CODE_SIGN_STYLE = Automatic;
				CURRENT_PROJECT_VERSION = 1;
				DEVELOPMENT_TEAM = 93GUC69XMX;
				GENERATE_INFOPLIST_FILE = YES;
				INFOPLIST_FILE = "Smart Buoy/Info.plist";
				INFOPLIST_KEY_NSLocationWhenInUseUsageDescription = "";
				INFOPLIST_KEY_UIApplicationSupportsIndirectInputEvents = YES;
				INFOPLIST_KEY_UILaunchStoryboardName = LaunchScreen;
				INFOPLIST_KEY_UIMainStoryboardFile = Main;
				INFOPLIST_KEY_UISupportedInterfaceOrientations_iPad = "UIInterfaceOrientationPortrait UIInterfaceOrientationPortraitUpsideDown UIInterfaceOrientationLandscapeLeft UIInterfaceOrientationLandscapeRight";
				INFOPLIST_KEY_UISupportedInterfaceOrientations_iPhone = "UIInterfaceOrientationPortrait UIInterfaceOrientationLandscapeLeft UIInterfaceOrientationLandscapeRight";
				IPHONEOS_DEPLOYMENT_TARGET = 14.0;
				LD_RUNPATH_SEARCH_PATHS = (
					"$(inherited)",
					"@executable_path/Frameworks",
				);
				MARKETING_VERSION = 1.0;
				PRODUCT_BUNDLE_IDENTIFIER = "Mukhtarov.Smart-Buoy";
				PRODUCT_NAME = "$(TARGET_NAME)";
				SWIFT_EMIT_LOC_STRINGS = YES;
				SWIFT_VERSION = 5.0;
				TARGETED_DEVICE_FAMILY = "1,2";
			};
			name = Debug;
		};
		352182BD2897B9B700464178 /* Release */ = {
			isa = XCBuildConfiguration;
			buildSettings = {
				ASSETCATALOG_COMPILER_APPICON_NAME = AppIcon;
				ASSETCATALOG_COMPILER_GLOBAL_ACCENT_COLOR_NAME = AccentColor;
				CODE_SIGN_STYLE = Automatic;
				CURRENT_PROJECT_VERSION = 1;
				DEVELOPMENT_TEAM = 93GUC69XMX;
				GENERATE_INFOPLIST_FILE = YES;
				INFOPLIST_FILE = "Smart Buoy/Info.plist";
				INFOPLIST_KEY_NSLocationWhenInUseUsageDescription = "";
				INFOPLIST_KEY_UIApplicationSupportsIndirectInputEvents = YES;
				INFOPLIST_KEY_UILaunchStoryboardName = LaunchScreen;
				INFOPLIST_KEY_UIMainStoryboardFile = Main;
				INFOPLIST_KEY_UISupportedInterfaceOrientations_iPad = "UIInterfaceOrientationPortrait UIInterfaceOrientationPortraitUpsideDown UIInterfaceOrientationLandscapeLeft UIInterfaceOrientationLandscapeRight";
				INFOPLIST_KEY_UISupportedInterfaceOrientations_iPhone = "UIInterfaceOrientationPortrait UIInterfaceOrientationLandscapeLeft UIInterfaceOrientationLandscapeRight";
				IPHONEOS_DEPLOYMENT_TARGET = 14.0;
				LD_RUNPATH_SEARCH_PATHS = (
					"$(inherited)",
					"@executable_path/Frameworks",
				);
				MARKETING_VERSION = 1.0;
				PRODUCT_BUNDLE_IDENTIFIER = "Mukhtarov.Smart-Buoy";
				PRODUCT_NAME = "$(TARGET_NAME)";
				SWIFT_EMIT_LOC_STRINGS = YES;
				SWIFT_VERSION = 5.0;
				TARGETED_DEVICE_FAMILY = "1,2";
			};
			name = Release;
		};
/* End XCBuildConfiguration section */

/* Begin XCConfigurationList section */
		352182A22897B9B600464178 /* Build configuration list for PBXProject "Smart Buoy" */ = {
			isa = XCConfigurationList;
			buildConfigurations = (
				352182B92897B9B700464178 /* Debug */,
				352182BA2897B9B700464178 /* Release */,
			);
			defaultConfigurationIsVisible = 0;
			defaultConfigurationName = Release;
		};
		352182BB2897B9B700464178 /* Build configuration list for PBXNativeTarget "Smart Buoy" */ = {
			isa = XCConfigurationList;
			buildConfigurations = (
				352182BC2897B9B700464178 /* Debug */,
				352182BD2897B9B700464178 /* Release */,
			);
			defaultConfigurationIsVisible = 0;
			defaultConfigurationName = Release;
		};
/* End XCConfigurationList section */
	};
	rootObject = 3521829F2897B9B600464178 /* Project object */;
}
